// !$*UTF8*$!
{
	archiveVersion = 1;
	classes = {
	};
	objectVersion = 55;
	objects = {

/* Begin PBXBuildFile section */
		480728272A12511D00C31B04 /* Workout+CoreDataClass.swift in Sources */ = {isa = PBXBuildFile; fileRef = 480728232A12511D00C31B04 /* Workout+CoreDataClass.swift */; };
		480728282A12511D00C31B04 /* Workout+CoreDataProperties.swift in Sources */ = {isa = PBXBuildFile; fileRef = 480728242A12511D00C31B04 /* Workout+CoreDataProperties.swift */; };
		480728292A12511D00C31B04 /* Exercise+CoreDataClass.swift in Sources */ = {isa = PBXBuildFile; fileRef = 480728252A12511D00C31B04 /* Exercise+CoreDataClass.swift */; };
		4807282A2A12511D00C31B04 /* Exercise+CoreDataProperties.swift in Sources */ = {isa = PBXBuildFile; fileRef = 480728262A12511D00C31B04 /* Exercise+CoreDataProperties.swift */; };
		4807282C2A12517E00C31B04 /* DataManager.swift in Sources */ = {isa = PBXBuildFile; fileRef = 4807282B2A12517E00C31B04 /* DataManager.swift */; };
		480728322A12601200C31B04 /* FirebaseAnalytics in Frameworks */ = {isa = PBXBuildFile; productRef = 480728312A12601200C31B04 /* FirebaseAnalytics */; };
		480728342A12601200C31B04 /* FirebaseCrashlytics in Frameworks */ = {isa = PBXBuildFile; productRef = 480728332A12601200C31B04 /* FirebaseCrashlytics */; };
		480728362A12601200C31B04 /* FirebaseFirestore in Frameworks */ = {isa = PBXBuildFile; productRef = 480728352A12601200C31B04 /* FirebaseFirestore */; };
		480728382A12601200C31B04 /* FirebaseStorage in Frameworks */ = {isa = PBXBuildFile; productRef = 480728372A12601200C31B04 /* FirebaseStorage */; };
		480728442A128B9600C31B04 /* LoginViewController.swift in Sources */ = {isa = PBXBuildFile; fileRef = 480728432A128B9600C31B04 /* LoginViewController.swift */; };
		480728472A12903C00C31B04 /* GoogleSignIn in Frameworks */ = {isa = PBXBuildFile; productRef = 480728462A12903C00C31B04 /* GoogleSignIn */; };
		480728492A12903C00C31B04 /* GoogleSignInSwift in Frameworks */ = {isa = PBXBuildFile; productRef = 480728482A12903C00C31B04 /* GoogleSignInSwift */; };
		4807284B2A1290E200C31B04 /* GoogleService-Info.plist in Resources */ = {isa = PBXBuildFile; fileRef = 4807284A2A1290E200C31B04 /* GoogleService-Info.plist */; };
		4807284D2A12957900C31B04 /* LoginViewModel.swift in Sources */ = {isa = PBXBuildFile; fileRef = 4807284C2A12957900C31B04 /* LoginViewModel.swift */; };
		480728512A129B3B00C31B04 /* AppCoordinator.swift in Sources */ = {isa = PBXBuildFile; fileRef = 480728502A129B3B00C31B04 /* AppCoordinator.swift */; };
		480728542A12A35C00C31B04 /* ViewCodable.swift in Sources */ = {isa = PBXBuildFile; fileRef = 480728532A12A35B00C31B04 /* ViewCodable.swift */; };
		480728562A12A66800C31B04 /* UIColor+AppColors.swift in Sources */ = {isa = PBXBuildFile; fileRef = 480728552A12A66800C31B04 /* UIColor+AppColors.swift */; };
		480728582A12A92800C31B04 /* ViewModel.swift in Sources */ = {isa = PBXBuildFile; fileRef = 480728572A12A92800C31B04 /* ViewModel.swift */; };
		4807285B2A12CE3A00C31B04 /* WOTextField.swift in Sources */ = {isa = PBXBuildFile; fileRef = 4807285A2A12CE3A00C31B04 /* WOTextField.swift */; };
		4807285F2A12DA7200C31B04 /* FirebaseAuth in Frameworks */ = {isa = PBXBuildFile; productRef = 4807285E2A12DA7200C31B04 /* FirebaseAuth */; };
		48C1B0492A107C1600904969 /* AppDelegate.swift in Sources */ = {isa = PBXBuildFile; fileRef = 48C1B0482A107C1600904969 /* AppDelegate.swift */; };
		48C1B04D2A107C1600904969 /* ViewController.swift in Sources */ = {isa = PBXBuildFile; fileRef = 48C1B04C2A107C1600904969 /* ViewController.swift */; };
		48C1B0532A107C1600904969 /* WorkinOut.xcdatamodeld in Sources */ = {isa = PBXBuildFile; fileRef = 48C1B0512A107C1600904969 /* WorkinOut.xcdatamodeld */; };
		48C1B0552A107C1A00904969 /* Assets.xcassets in Resources */ = {isa = PBXBuildFile; fileRef = 48C1B0542A107C1A00904969 /* Assets.xcassets */; };
		48C1B0582A107C1A00904969 /* LaunchScreen.storyboard in Resources */ = {isa = PBXBuildFile; fileRef = 48C1B0562A107C1A00904969 /* LaunchScreen.storyboard */; };
		48C1B0632A107C1A00904969 /* WorkinOutTests.swift in Sources */ = {isa = PBXBuildFile; fileRef = 48C1B0622A107C1A00904969 /* WorkinOutTests.swift */; };
		48C1B06D2A107C1A00904969 /* WorkinOutUITests.swift in Sources */ = {isa = PBXBuildFile; fileRef = 48C1B06C2A107C1A00904969 /* WorkinOutUITests.swift */; };
		48C1B06F2A107C1A00904969 /* WorkinOutUITestsLaunchTests.swift in Sources */ = {isa = PBXBuildFile; fileRef = 48C1B06E2A107C1A00904969 /* WorkinOutUITestsLaunchTests.swift */; };
/* End PBXBuildFile section */

/* Begin PBXContainerItemProxy section */
		48C1B05F2A107C1A00904969 /* PBXContainerItemProxy */ = {
			isa = PBXContainerItemProxy;
			containerPortal = 48C1B03D2A107C1600904969 /* Project object */;
			proxyType = 1;
			remoteGlobalIDString = 48C1B0442A107C1600904969;
			remoteInfo = WorkinOut;
		};
		48C1B0692A107C1A00904969 /* PBXContainerItemProxy */ = {
			isa = PBXContainerItemProxy;
			containerPortal = 48C1B03D2A107C1600904969 /* Project object */;
			proxyType = 1;
			remoteGlobalIDString = 48C1B0442A107C1600904969;
			remoteInfo = WorkinOut;
		};
/* End PBXContainerItemProxy section */

/* Begin PBXFileReference section */
		480728232A12511D00C31B04 /* Workout+CoreDataClass.swift */ = {isa = PBXFileReference; lastKnownFileType = sourcecode.swift; path = "Workout+CoreDataClass.swift"; sourceTree = SOURCE_ROOT; };
		480728242A12511D00C31B04 /* Workout+CoreDataProperties.swift */ = {isa = PBXFileReference; lastKnownFileType = sourcecode.swift; path = "Workout+CoreDataProperties.swift"; sourceTree = SOURCE_ROOT; };
		480728252A12511D00C31B04 /* Exercise+CoreDataClass.swift */ = {isa = PBXFileReference; lastKnownFileType = sourcecode.swift; path = "Exercise+CoreDataClass.swift"; sourceTree = SOURCE_ROOT; };
		480728262A12511D00C31B04 /* Exercise+CoreDataProperties.swift */ = {isa = PBXFileReference; lastKnownFileType = sourcecode.swift; path = "Exercise+CoreDataProperties.swift"; sourceTree = SOURCE_ROOT; };
		4807282B2A12517E00C31B04 /* DataManager.swift */ = {isa = PBXFileReference; lastKnownFileType = sourcecode.swift; path = DataManager.swift; sourceTree = "<group>"; };
		480728432A128B9600C31B04 /* LoginViewController.swift */ = {isa = PBXFileReference; lastKnownFileType = sourcecode.swift; path = LoginViewController.swift; sourceTree = "<group>"; };
		4807284A2A1290E200C31B04 /* GoogleService-Info.plist */ = {isa = PBXFileReference; fileEncoding = 4; lastKnownFileType = text.plist.xml; path = "GoogleService-Info.plist"; sourceTree = "<group>"; };
		4807284C2A12957900C31B04 /* LoginViewModel.swift */ = {isa = PBXFileReference; lastKnownFileType = sourcecode.swift; path = LoginViewModel.swift; sourceTree = "<group>"; };
		480728502A129B3B00C31B04 /* AppCoordinator.swift */ = {isa = PBXFileReference; lastKnownFileType = sourcecode.swift; path = AppCoordinator.swift; sourceTree = "<group>"; };
		480728532A12A35B00C31B04 /* ViewCodable.swift */ = {isa = PBXFileReference; lastKnownFileType = sourcecode.swift; path = ViewCodable.swift; sourceTree = "<group>"; };
		480728552A12A66800C31B04 /* UIColor+AppColors.swift */ = {isa = PBXFileReference; lastKnownFileType = sourcecode.swift; path = "UIColor+AppColors.swift"; sourceTree = "<group>"; };
		480728572A12A92800C31B04 /* ViewModel.swift */ = {isa = PBXFileReference; lastKnownFileType = sourcecode.swift; path = ViewModel.swift; sourceTree = "<group>"; };
		4807285A2A12CE3A00C31B04 /* WOTextField.swift */ = {isa = PBXFileReference; lastKnownFileType = sourcecode.swift; path = WOTextField.swift; sourceTree = "<group>"; };
		48C1B0452A107C1600904969 /* WorkinOut.app */ = {isa = PBXFileReference; explicitFileType = wrapper.application; includeInIndex = 0; path = WorkinOut.app; sourceTree = BUILT_PRODUCTS_DIR; };
		48C1B0482A107C1600904969 /* AppDelegate.swift */ = {isa = PBXFileReference; lastKnownFileType = sourcecode.swift; path = AppDelegate.swift; sourceTree = "<group>"; };
		48C1B04C2A107C1600904969 /* ViewController.swift */ = {isa = PBXFileReference; lastKnownFileType = sourcecode.swift; path = ViewController.swift; sourceTree = "<group>"; };
		48C1B0522A107C1600904969 /* WorkinOut.xcdatamodel */ = {isa = PBXFileReference; lastKnownFileType = wrapper.xcdatamodel; path = WorkinOut.xcdatamodel; sourceTree = "<group>"; };
		48C1B0542A107C1A00904969 /* Assets.xcassets */ = {isa = PBXFileReference; lastKnownFileType = folder.assetcatalog; path = Assets.xcassets; sourceTree = "<group>"; };
		48C1B0572A107C1A00904969 /* Base */ = {isa = PBXFileReference; lastKnownFileType = file.storyboard; name = Base; path = Base.lproj/LaunchScreen.storyboard; sourceTree = "<group>"; };
		48C1B0592A107C1A00904969 /* Info.plist */ = {isa = PBXFileReference; lastKnownFileType = text.plist.xml; path = Info.plist; sourceTree = "<group>"; };
		48C1B05E2A107C1A00904969 /* WorkinOutTests.xctest */ = {isa = PBXFileReference; explicitFileType = wrapper.cfbundle; includeInIndex = 0; path = WorkinOutTests.xctest; sourceTree = BUILT_PRODUCTS_DIR; };
		48C1B0622A107C1A00904969 /* WorkinOutTests.swift */ = {isa = PBXFileReference; lastKnownFileType = sourcecode.swift; path = WorkinOutTests.swift; sourceTree = "<group>"; };
		48C1B0682A107C1A00904969 /* WorkinOutUITests.xctest */ = {isa = PBXFileReference; explicitFileType = wrapper.cfbundle; includeInIndex = 0; path = WorkinOutUITests.xctest; sourceTree = BUILT_PRODUCTS_DIR; };
		48C1B06C2A107C1A00904969 /* WorkinOutUITests.swift */ = {isa = PBXFileReference; lastKnownFileType = sourcecode.swift; path = WorkinOutUITests.swift; sourceTree = "<group>"; };
		48C1B06E2A107C1A00904969 /* WorkinOutUITestsLaunchTests.swift */ = {isa = PBXFileReference; lastKnownFileType = sourcecode.swift; path = WorkinOutUITestsLaunchTests.swift; sourceTree = "<group>"; };
/* End PBXFileReference section */

/* Begin PBXFrameworksBuildPhase section */
		48C1B0422A107C1600904969 /* Frameworks */ = {
			isa = PBXFrameworksBuildPhase;
			buildActionMask = 2147483647;
			files = (
				480728472A12903C00C31B04 /* GoogleSignIn in Frameworks */,
				480728322A12601200C31B04 /* FirebaseAnalytics in Frameworks */,
				480728382A12601200C31B04 /* FirebaseStorage in Frameworks */,
				480728492A12903C00C31B04 /* GoogleSignInSwift in Frameworks */,
				480728342A12601200C31B04 /* FirebaseCrashlytics in Frameworks */,
				4807285F2A12DA7200C31B04 /* FirebaseAuth in Frameworks */,
				480728362A12601200C31B04 /* FirebaseFirestore in Frameworks */,
			);
			runOnlyForDeploymentPostprocessing = 0;
		};
		48C1B05B2A107C1A00904969 /* Frameworks */ = {
			isa = PBXFrameworksBuildPhase;
			buildActionMask = 2147483647;
			files = (
			);
			runOnlyForDeploymentPostprocessing = 0;
		};
		48C1B0652A107C1A00904969 /* Frameworks */ = {
			isa = PBXFrameworksBuildPhase;
			buildActionMask = 2147483647;
			files = (
			);
			runOnlyForDeploymentPostprocessing = 0;
		};
/* End PBXFrameworksBuildPhase section */

/* Begin PBXGroup section */
		4807283F2A128B2200C31B04 /* Modules */ = {
			isa = PBXGroup;
			children = (
				480728402A128B3D00C31B04 /* Authentication */,
			);
			path = Modules;
			sourceTree = "<group>";
		};
		480728402A128B3D00C31B04 /* Authentication */ = {
			isa = PBXGroup;
			children = (
				480728412A128B4B00C31B04 /* Login */,
				480728422A128B5700C31B04 /* Register */,
			);
			path = Authentication;
			sourceTree = "<group>";
		};
		480728412A128B4B00C31B04 /* Login */ = {
			isa = PBXGroup;
			children = (
				480728432A128B9600C31B04 /* LoginViewController.swift */,
				4807284C2A12957900C31B04 /* LoginViewModel.swift */,
			);
			path = Login;
			sourceTree = "<group>";
		};
		480728422A128B5700C31B04 /* Register */ = {
			isa = PBXGroup;
			children = (
			);
			name = Register;
			path = "New Group1";
			sourceTree = "<group>";
		};
		4807284E2A129B1500C31B04 /* Utils */ = {
			isa = PBXGroup;
			children = (
				4807285C2A12CE7800C31B04 /* Extension */,
				480728592A12CE1A00C31B04 /* Views */,
				480728522A12A32E00C31B04 /* ViewCode */,
				4807284F2A129B2D00C31B04 /* Architecture */,
			);
			path = Utils;
			sourceTree = "<group>";
		};
		4807284F2A129B2D00C31B04 /* Architecture */ = {
			isa = PBXGroup;
			children = (
				480728502A129B3B00C31B04 /* AppCoordinator.swift */,
				480728572A12A92800C31B04 /* ViewModel.swift */,
			);
			path = Architecture;
			sourceTree = "<group>";
		};
		480728522A12A32E00C31B04 /* ViewCode */ = {
			isa = PBXGroup;
			children = (
				480728532A12A35B00C31B04 /* ViewCodable.swift */,
			);
			path = ViewCode;
			sourceTree = "<group>";
		};
		480728592A12CE1A00C31B04 /* Views */ = {
			isa = PBXGroup;
			children = (
				4807285A2A12CE3A00C31B04 /* WOTextField.swift */,
			);
			path = Views;
			sourceTree = "<group>";
		};
		4807285C2A12CE7800C31B04 /* Extension */ = {
			isa = PBXGroup;
			children = (
				480728552A12A66800C31B04 /* UIColor+AppColors.swift */,
			);
			path = Extension;
			sourceTree = "<group>";
		};
		4807285D2A12DA7100C31B04 /* Frameworks */ = {
			isa = PBXGroup;
			children = (
			);
			name = Frameworks;
			sourceTree = "<group>";
		};
		48C1B03C2A107C1600904969 = {
			isa = PBXGroup;
			children = (
				48C1B0472A107C1600904969 /* WorkinOut */,
				48C1B0612A107C1A00904969 /* WorkinOutTests */,
				48C1B06B2A107C1A00904969 /* WorkinOutUITests */,
				48C1B0462A107C1600904969 /* Products */,
				4807285D2A12DA7100C31B04 /* Frameworks */,
			);
			sourceTree = "<group>";
		};
		48C1B0462A107C1600904969 /* Products */ = {
			isa = PBXGroup;
			children = (
				48C1B0452A107C1600904969 /* WorkinOut.app */,
				48C1B05E2A107C1A00904969 /* WorkinOutTests.xctest */,
				48C1B0682A107C1A00904969 /* WorkinOutUITests.xctest */,
			);
			name = Products;
			sourceTree = "<group>";
		};
		48C1B0472A107C1600904969 /* WorkinOut */ = {
			isa = PBXGroup;
			children = (
				4807284E2A129B1500C31B04 /* Utils */,
				48C1B0912A124CF200904969 /* CoreData */,
				4807283F2A128B2200C31B04 /* Modules */,
				48C1B0482A107C1600904969 /* AppDelegate.swift */,
				48C1B04C2A107C1600904969 /* ViewController.swift */,
				48C1B0542A107C1A00904969 /* Assets.xcassets */,
				48C1B0562A107C1A00904969 /* LaunchScreen.storyboard */,
				48C1B0592A107C1A00904969 /* Info.plist */,
				4807284A2A1290E200C31B04 /* GoogleService-Info.plist */,
			);
			path = WorkinOut;
			sourceTree = "<group>";
		};
		48C1B0612A107C1A00904969 /* WorkinOutTests */ = {
			isa = PBXGroup;
			children = (
				48C1B0622A107C1A00904969 /* WorkinOutTests.swift */,
			);
			path = WorkinOutTests;
			sourceTree = "<group>";
		};
		48C1B06B2A107C1A00904969 /* WorkinOutUITests */ = {
			isa = PBXGroup;
			children = (
				48C1B06C2A107C1A00904969 /* WorkinOutUITests.swift */,
				48C1B06E2A107C1A00904969 /* WorkinOutUITestsLaunchTests.swift */,
			);
			path = WorkinOutUITests;
			sourceTree = "<group>";
		};
		48C1B0912A124CF200904969 /* CoreData */ = {
			isa = PBXGroup;
			children = (
				480728232A12511D00C31B04 /* Workout+CoreDataClass.swift */,
				480728242A12511D00C31B04 /* Workout+CoreDataProperties.swift */,
				480728252A12511D00C31B04 /* Exercise+CoreDataClass.swift */,
				480728262A12511D00C31B04 /* Exercise+CoreDataProperties.swift */,
				48C1B0512A107C1600904969 /* WorkinOut.xcdatamodeld */,
				4807282B2A12517E00C31B04 /* DataManager.swift */,
			);
			path = CoreData;
			sourceTree = "<group>";
		};
/* End PBXGroup section */

/* Begin PBXNativeTarget section */
		48C1B0442A107C1600904969 /* WorkinOut */ = {
			isa = PBXNativeTarget;
			buildConfigurationList = 48C1B0722A107C1A00904969 /* Build configuration list for PBXNativeTarget "WorkinOut" */;
			buildPhases = (
				48C1B0412A107C1600904969 /* Sources */,
				48C1B0422A107C1600904969 /* Frameworks */,
				48C1B0432A107C1600904969 /* Resources */,
			);
			buildRules = (
			);
			dependencies = (
			);
			name = WorkinOut;
			packageProductDependencies = (
				480728312A12601200C31B04 /* FirebaseAnalytics */,
				480728332A12601200C31B04 /* FirebaseCrashlytics */,
				480728352A12601200C31B04 /* FirebaseFirestore */,
				480728372A12601200C31B04 /* FirebaseStorage */,
				480728462A12903C00C31B04 /* GoogleSignIn */,
				480728482A12903C00C31B04 /* GoogleSignInSwift */,
				4807285E2A12DA7200C31B04 /* FirebaseAuth */,
			);
			productName = WorkinOut;
			productReference = 48C1B0452A107C1600904969 /* WorkinOut.app */;
			productType = "com.apple.product-type.application";
		};
		48C1B05D2A107C1A00904969 /* WorkinOutTests */ = {
			isa = PBXNativeTarget;
			buildConfigurationList = 48C1B0752A107C1A00904969 /* Build configuration list for PBXNativeTarget "WorkinOutTests" */;
			buildPhases = (
				48C1B05A2A107C1A00904969 /* Sources */,
				48C1B05B2A107C1A00904969 /* Frameworks */,
				48C1B05C2A107C1A00904969 /* Resources */,
			);
			buildRules = (
			);
			dependencies = (
				48C1B0602A107C1A00904969 /* PBXTargetDependency */,
			);
			name = WorkinOutTests;
			productName = WorkinOutTests;
			productReference = 48C1B05E2A107C1A00904969 /* WorkinOutTests.xctest */;
			productType = "com.apple.product-type.bundle.unit-test";
		};
		48C1B0672A107C1A00904969 /* WorkinOutUITests */ = {
			isa = PBXNativeTarget;
			buildConfigurationList = 48C1B0782A107C1A00904969 /* Build configuration list for PBXNativeTarget "WorkinOutUITests" */;
			buildPhases = (
				48C1B0642A107C1A00904969 /* Sources */,
				48C1B0652A107C1A00904969 /* Frameworks */,
				48C1B0662A107C1A00904969 /* Resources */,
			);
			buildRules = (
			);
			dependencies = (
				48C1B06A2A107C1A00904969 /* PBXTargetDependency */,
			);
			name = WorkinOutUITests;
			productName = WorkinOutUITests;
			productReference = 48C1B0682A107C1A00904969 /* WorkinOutUITests.xctest */;
			productType = "com.apple.product-type.bundle.ui-testing";
		};
/* End PBXNativeTarget section */

/* Begin PBXProject section */
		48C1B03D2A107C1600904969 /* Project object */ = {
			isa = PBXProject;
			attributes = {
				BuildIndependentTargetsInParallel = 1;
				LastSwiftUpdateCheck = 1320;
				LastUpgradeCheck = 1320;
				TargetAttributes = {
					48C1B0442A107C1600904969 = {
						CreatedOnToolsVersion = 13.2.1;
					};
					48C1B05D2A107C1A00904969 = {
						CreatedOnToolsVersion = 13.2.1;
						TestTargetID = 48C1B0442A107C1600904969;
					};
					48C1B0672A107C1A00904969 = {
						CreatedOnToolsVersion = 13.2.1;
						TestTargetID = 48C1B0442A107C1600904969;
					};
				};
			};
			buildConfigurationList = 48C1B0402A107C1600904969 /* Build configuration list for PBXProject "WorkinOut" */;
			compatibilityVersion = "Xcode 13.0";
			developmentRegion = en;
			hasScannedForEncodings = 0;
			knownRegions = (
				en,
				Base,
			);
			mainGroup = 48C1B03C2A107C1600904969;
			packageReferences = (
				480728302A12601200C31B04 /* XCRemoteSwiftPackageReference "firebase-ios-sdk" */,
				480728452A12903B00C31B04 /* XCRemoteSwiftPackageReference "GoogleSignIn-iOS" */,
			);
			productRefGroup = 48C1B0462A107C1600904969 /* Products */;
			projectDirPath = "";
			projectRoot = "";
			targets = (
				48C1B0442A107C1600904969 /* WorkinOut */,
				48C1B05D2A107C1A00904969 /* WorkinOutTests */,
				48C1B0672A107C1A00904969 /* WorkinOutUITests */,
			);
		};
/* End PBXProject section */

/* Begin PBXResourcesBuildPhase section */
		48C1B0432A107C1600904969 /* Resources */ = {
			isa = PBXResourcesBuildPhase;
			buildActionMask = 2147483647;
			files = (
				48C1B0582A107C1A00904969 /* LaunchScreen.storyboard in Resources */,
				4807284B2A1290E200C31B04 /* GoogleService-Info.plist in Resources */,
				48C1B0552A107C1A00904969 /* Assets.xcassets in Resources */,
			);
			runOnlyForDeploymentPostprocessing = 0;
		};
		48C1B05C2A107C1A00904969 /* Resources */ = {
			isa = PBXResourcesBuildPhase;
			buildActionMask = 2147483647;
			files = (
			);
			runOnlyForDeploymentPostprocessing = 0;
		};
		48C1B0662A107C1A00904969 /* Resources */ = {
			isa = PBXResourcesBuildPhase;
			buildActionMask = 2147483647;
			files = (
			);
			runOnlyForDeploymentPostprocessing = 0;
		};
/* End PBXResourcesBuildPhase section */

/* Begin PBXSourcesBuildPhase section */
		48C1B0412A107C1600904969 /* Sources */ = {
			isa = PBXSourcesBuildPhase;
			buildActionMask = 2147483647;
			files = (
				480728512A129B3B00C31B04 /* AppCoordinator.swift in Sources */,
				480728282A12511D00C31B04 /* Workout+CoreDataProperties.swift in Sources */,
				48C1B0532A107C1600904969 /* WorkinOut.xcdatamodeld in Sources */,
				4807284D2A12957900C31B04 /* LoginViewModel.swift in Sources */,
				480728272A12511D00C31B04 /* Workout+CoreDataClass.swift in Sources */,
				480728562A12A66800C31B04 /* UIColor+AppColors.swift in Sources */,
				480728582A12A92800C31B04 /* ViewModel.swift in Sources */,
				480728542A12A35C00C31B04 /* ViewCodable.swift in Sources */,
				480728292A12511D00C31B04 /* Exercise+CoreDataClass.swift in Sources */,
				48C1B04D2A107C1600904969 /* ViewController.swift in Sources */,
				4807285B2A12CE3A00C31B04 /* WOTextField.swift in Sources */,
				4807282A2A12511D00C31B04 /* Exercise+CoreDataProperties.swift in Sources */,
				48C1B0492A107C1600904969 /* AppDelegate.swift in Sources */,
				4807282C2A12517E00C31B04 /* DataManager.swift in Sources */,
				480728442A128B9600C31B04 /* LoginViewController.swift in Sources */,
			);
			runOnlyForDeploymentPostprocessing = 0;
		};
		48C1B05A2A107C1A00904969 /* Sources */ = {
			isa = PBXSourcesBuildPhase;
			buildActionMask = 2147483647;
			files = (
				48C1B0632A107C1A00904969 /* WorkinOutTests.swift in Sources */,
			);
			runOnlyForDeploymentPostprocessing = 0;
		};
		48C1B0642A107C1A00904969 /* Sources */ = {
			isa = PBXSourcesBuildPhase;
			buildActionMask = 2147483647;
			files = (
				48C1B06D2A107C1A00904969 /* WorkinOutUITests.swift in Sources */,
				48C1B06F2A107C1A00904969 /* WorkinOutUITestsLaunchTests.swift in Sources */,
			);
			runOnlyForDeploymentPostprocessing = 0;
		};
/* End PBXSourcesBuildPhase section */

/* Begin PBXTargetDependency section */
		48C1B0602A107C1A00904969 /* PBXTargetDependency */ = {
			isa = PBXTargetDependency;
			target = 48C1B0442A107C1600904969 /* WorkinOut */;
			targetProxy = 48C1B05F2A107C1A00904969 /* PBXContainerItemProxy */;
		};
		48C1B06A2A107C1A00904969 /* PBXTargetDependency */ = {
			isa = PBXTargetDependency;
			target = 48C1B0442A107C1600904969 /* WorkinOut */;
			targetProxy = 48C1B0692A107C1A00904969 /* PBXContainerItemProxy */;
		};
/* End PBXTargetDependency section */

/* Begin PBXVariantGroup section */
		48C1B0562A107C1A00904969 /* LaunchScreen.storyboard */ = {
			isa = PBXVariantGroup;
			children = (
				48C1B0572A107C1A00904969 /* Base */,
			);
			name = LaunchScreen.storyboard;
			sourceTree = "<group>";
		};
/* End PBXVariantGroup section */

/* Begin XCBuildConfiguration section */
		48C1B0702A107C1A00904969 /* Debug */ = {
			isa = XCBuildConfiguration;
			buildSettings = {
				ALWAYS_SEARCH_USER_PATHS = NO;
				CLANG_ANALYZER_NONNULL = YES;
				CLANG_ANALYZER_NUMBER_OBJECT_CONVERSION = YES_AGGRESSIVE;
				CLANG_CXX_LANGUAGE_STANDARD = "gnu++17";
				CLANG_CXX_LIBRARY = "libc++";
				CLANG_ENABLE_MODULES = YES;
				CLANG_ENABLE_OBJC_ARC = YES;
				CLANG_ENABLE_OBJC_WEAK = YES;
				CLANG_WARN_BLOCK_CAPTURE_AUTORELEASING = YES;
				CLANG_WARN_BOOL_CONVERSION = YES;
				CLANG_WARN_COMMA = YES;
				CLANG_WARN_CONSTANT_CONVERSION = YES;
				CLANG_WARN_DEPRECATED_OBJC_IMPLEMENTATIONS = YES;
				CLANG_WARN_DIRECT_OBJC_ISA_USAGE = YES_ERROR;
				CLANG_WARN_DOCUMENTATION_COMMENTS = YES;
				CLANG_WARN_EMPTY_BODY = YES;
				CLANG_WARN_ENUM_CONVERSION = YES;
				CLANG_WARN_INFINITE_RECURSION = YES;
				CLANG_WARN_INT_CONVERSION = YES;
				CLANG_WARN_NON_LITERAL_NULL_CONVERSION = YES;
				CLANG_WARN_OBJC_IMPLICIT_RETAIN_SELF = YES;
				CLANG_WARN_OBJC_LITERAL_CONVERSION = YES;
				CLANG_WARN_OBJC_ROOT_CLASS = YES_ERROR;
				CLANG_WARN_QUOTED_INCLUDE_IN_FRAMEWORK_HEADER = YES;
				CLANG_WARN_RANGE_LOOP_ANALYSIS = YES;
				CLANG_WARN_STRICT_PROTOTYPES = YES;
				CLANG_WARN_SUSPICIOUS_MOVE = YES;
				CLANG_WARN_UNGUARDED_AVAILABILITY = YES_AGGRESSIVE;
				CLANG_WARN_UNREACHABLE_CODE = YES;
				CLANG_WARN__DUPLICATE_METHOD_MATCH = YES;
				COPY_PHASE_STRIP = NO;
				DEBUG_INFORMATION_FORMAT = dwarf;
				ENABLE_STRICT_OBJC_MSGSEND = YES;
				ENABLE_TESTABILITY = YES;
				GCC_C_LANGUAGE_STANDARD = gnu11;
				GCC_DYNAMIC_NO_PIC = NO;
				GCC_NO_COMMON_BLOCKS = YES;
				GCC_OPTIMIZATION_LEVEL = 0;
				GCC_PREPROCESSOR_DEFINITIONS = (
					"DEBUG=1",
					"$(inherited)",
				);
				GCC_WARN_64_TO_32_BIT_CONVERSION = YES;
				GCC_WARN_ABOUT_RETURN_TYPE = YES_ERROR;
				GCC_WARN_UNDECLARED_SELECTOR = YES;
				GCC_WARN_UNINITIALIZED_AUTOS = YES_AGGRESSIVE;
				GCC_WARN_UNUSED_FUNCTION = YES;
				GCC_WARN_UNUSED_VARIABLE = YES;
				IPHONEOS_DEPLOYMENT_TARGET = 15.2;
				MTL_ENABLE_DEBUG_INFO = INCLUDE_SOURCE;
				MTL_FAST_MATH = YES;
				ONLY_ACTIVE_ARCH = YES;
				SDKROOT = iphoneos;
				SWIFT_ACTIVE_COMPILATION_CONDITIONS = DEBUG;
				SWIFT_OPTIMIZATION_LEVEL = "-Onone";
			};
			name = Debug;
		};
		48C1B0712A107C1A00904969 /* Release */ = {
			isa = XCBuildConfiguration;
			buildSettings = {
				ALWAYS_SEARCH_USER_PATHS = NO;
				CLANG_ANALYZER_NONNULL = YES;
				CLANG_ANALYZER_NUMBER_OBJECT_CONVERSION = YES_AGGRESSIVE;
				CLANG_CXX_LANGUAGE_STANDARD = "gnu++17";
				CLANG_CXX_LIBRARY = "libc++";
				CLANG_ENABLE_MODULES = YES;
				CLANG_ENABLE_OBJC_ARC = YES;
				CLANG_ENABLE_OBJC_WEAK = YES;
				CLANG_WARN_BLOCK_CAPTURE_AUTORELEASING = YES;
				CLANG_WARN_BOOL_CONVERSION = YES;
				CLANG_WARN_COMMA = YES;
				CLANG_WARN_CONSTANT_CONVERSION = YES;
				CLANG_WARN_DEPRECATED_OBJC_IMPLEMENTATIONS = YES;
				CLANG_WARN_DIRECT_OBJC_ISA_USAGE = YES_ERROR;
				CLANG_WARN_DOCUMENTATION_COMMENTS = YES;
				CLANG_WARN_EMPTY_BODY = YES;
				CLANG_WARN_ENUM_CONVERSION = YES;
				CLANG_WARN_INFINITE_RECURSION = YES;
				CLANG_WARN_INT_CONVERSION = YES;
				CLANG_WARN_NON_LITERAL_NULL_CONVERSION = YES;
				CLANG_WARN_OBJC_IMPLICIT_RETAIN_SELF = YES;
				CLANG_WARN_OBJC_LITERAL_CONVERSION = YES;
				CLANG_WARN_OBJC_ROOT_CLASS = YES_ERROR;
				CLANG_WARN_QUOTED_INCLUDE_IN_FRAMEWORK_HEADER = YES;
				CLANG_WARN_RANGE_LOOP_ANALYSIS = YES;
				CLANG_WARN_STRICT_PROTOTYPES = YES;
				CLANG_WARN_SUSPICIOUS_MOVE = YES;
				CLANG_WARN_UNGUARDED_AVAILABILITY = YES_AGGRESSIVE;
				CLANG_WARN_UNREACHABLE_CODE = YES;
				CLANG_WARN__DUPLICATE_METHOD_MATCH = YES;
				COPY_PHASE_STRIP = NO;
				DEBUG_INFORMATION_FORMAT = "dwarf-with-dsym";
				ENABLE_NS_ASSERTIONS = NO;
				ENABLE_STRICT_OBJC_MSGSEND = YES;
				GCC_C_LANGUAGE_STANDARD = gnu11;
				GCC_NO_COMMON_BLOCKS = YES;
				GCC_WARN_64_TO_32_BIT_CONVERSION = YES;
				GCC_WARN_ABOUT_RETURN_TYPE = YES_ERROR;
				GCC_WARN_UNDECLARED_SELECTOR = YES;
				GCC_WARN_UNINITIALIZED_AUTOS = YES_AGGRESSIVE;
				GCC_WARN_UNUSED_FUNCTION = YES;
				GCC_WARN_UNUSED_VARIABLE = YES;
				IPHONEOS_DEPLOYMENT_TARGET = 15.2;
				MTL_ENABLE_DEBUG_INFO = NO;
				MTL_FAST_MATH = YES;
				SDKROOT = iphoneos;
				SWIFT_COMPILATION_MODE = wholemodule;
				SWIFT_OPTIMIZATION_LEVEL = "-O";
				VALIDATE_PRODUCT = YES;
			};
			name = Release;
		};
		48C1B0732A107C1A00904969 /* Debug */ = {
			isa = XCBuildConfiguration;
			buildSettings = {
				ASSETCATALOG_COMPILER_APPICON_NAME = AppIcon;
				ASSETCATALOG_COMPILER_GLOBAL_ACCENT_COLOR_NAME = AccentColor;
				CODE_SIGN_STYLE = Automatic;
				CURRENT_PROJECT_VERSION = 1;
				GENERATE_INFOPLIST_FILE = YES;
				INFOPLIST_FILE = WorkinOut/Info.plist;
				INFOPLIST_KEY_UIApplicationSupportsIndirectInputEvents = YES;
				INFOPLIST_KEY_UILaunchStoryboardName = LaunchScreen;
				INFOPLIST_KEY_UIMainStoryboardFile = Main;
				INFOPLIST_KEY_UISupportedInterfaceOrientations_iPad = "UIInterfaceOrientationPortrait UIInterfaceOrientationPortraitUpsideDown UIInterfaceOrientationLandscapeLeft UIInterfaceOrientationLandscapeRight";
				INFOPLIST_KEY_UISupportedInterfaceOrientations_iPhone = "UIInterfaceOrientationPortrait UIInterfaceOrientationLandscapeLeft UIInterfaceOrientationLandscapeRight";
				LD_RUNPATH_SEARCH_PATHS = (
					"$(inherited)",
					"@executable_path/Frameworks",
				);
				MARKETING_VERSION = 1.0;
				PRODUCT_BUNDLE_IDENTIFIER = com.tonisso.WorkinOut;
				PRODUCT_NAME = "$(TARGET_NAME)";
				SWIFT_EMIT_LOC_STRINGS = YES;
				SWIFT_VERSION = 5.0;
				TARGETED_DEVICE_FAMILY = "1,2";
			};
			name = Debug;
		};
		48C1B0742A107C1A00904969 /* Release */ = {
			isa = XCBuildConfiguration;
			buildSettings = {
				ASSETCATALOG_COMPILER_APPICON_NAME = AppIcon;
				ASSETCATALOG_COMPILER_GLOBAL_ACCENT_COLOR_NAME = AccentColor;
				CODE_SIGN_STYLE = Automatic;
				CURRENT_PROJECT_VERSION = 1;
				GENERATE_INFOPLIST_FILE = YES;
				INFOPLIST_FILE = WorkinOut/Info.plist;
				INFOPLIST_KEY_UIApplicationSupportsIndirectInputEvents = YES;
				INFOPLIST_KEY_UILaunchStoryboardName = LaunchScreen;
				INFOPLIST_KEY_UIMainStoryboardFile = Main;
				INFOPLIST_KEY_UISupportedInterfaceOrientations_iPad = "UIInterfaceOrientationPortrait UIInterfaceOrientationPortraitUpsideDown UIInterfaceOrientationLandscapeLeft UIInterfaceOrientationLandscapeRight";
				INFOPLIST_KEY_UISupportedInterfaceOrientations_iPhone = "UIInterfaceOrientationPortrait UIInterfaceOrientationLandscapeLeft UIInterfaceOrientationLandscapeRight";
				LD_RUNPATH_SEARCH_PATHS = (
					"$(inherited)",
					"@executable_path/Frameworks",
				);
				MARKETING_VERSION = 1.0;
				PRODUCT_BUNDLE_IDENTIFIER = com.tonisso.WorkinOut;
				PRODUCT_NAME = "$(TARGET_NAME)";
				SWIFT_EMIT_LOC_STRINGS = YES;
				SWIFT_VERSION = 5.0;
				TARGETED_DEVICE_FAMILY = "1,2";
			};
			name = Release;
		};
		48C1B0762A107C1A00904969 /* Debug */ = {
			isa = XCBuildConfiguration;
			buildSettings = {
				ALWAYS_EMBED_SWIFT_STANDARD_LIBRARIES = YES;
				BUNDLE_LOADER = "$(TEST_HOST)";
				CODE_SIGN_STYLE = Automatic;
				CURRENT_PROJECT_VERSION = 1;
				GENERATE_INFOPLIST_FILE = YES;
				IPHONEOS_DEPLOYMENT_TARGET = 15.2;
				MARKETING_VERSION = 1.0;
				PRODUCT_BUNDLE_IDENTIFIER = com.tonisso.WorkinOutTests;
				PRODUCT_NAME = "$(TARGET_NAME)";
				SWIFT_EMIT_LOC_STRINGS = NO;
				SWIFT_VERSION = 5.0;
				TARGETED_DEVICE_FAMILY = "1,2";
				TEST_HOST = "$(BUILT_PRODUCTS_DIR)/WorkinOut.app/WorkinOut";
			};
			name = Debug;
		};
		48C1B0772A107C1A00904969 /* Release */ = {
			isa = XCBuildConfiguration;
			buildSettings = {
				ALWAYS_EMBED_SWIFT_STANDARD_LIBRARIES = YES;
				BUNDLE_LOADER = "$(TEST_HOST)";
				CODE_SIGN_STYLE = Automatic;
				CURRENT_PROJECT_VERSION = 1;
				GENERATE_INFOPLIST_FILE = YES;
				IPHONEOS_DEPLOYMENT_TARGET = 15.2;
				MARKETING_VERSION = 1.0;
				PRODUCT_BUNDLE_IDENTIFIER = com.tonisso.WorkinOutTests;
				PRODUCT_NAME = "$(TARGET_NAME)";
				SWIFT_EMIT_LOC_STRINGS = NO;
				SWIFT_VERSION = 5.0;
				TARGETED_DEVICE_FAMILY = "1,2";
				TEST_HOST = "$(BUILT_PRODUCTS_DIR)/WorkinOut.app/WorkinOut";
			};
			name = Release;
		};
		48C1B0792A107C1A00904969 /* Debug */ = {
			isa = XCBuildConfiguration;
			buildSettings = {
				ALWAYS_EMBED_SWIFT_STANDARD_LIBRARIES = YES;
				CODE_SIGN_STYLE = Automatic;
				CURRENT_PROJECT_VERSION = 1;
				GENERATE_INFOPLIST_FILE = YES;
				MARKETING_VERSION = 1.0;
				PRODUCT_BUNDLE_IDENTIFIER = com.tonisso.WorkinOutUITests;
				PRODUCT_NAME = "$(TARGET_NAME)";
				SWIFT_EMIT_LOC_STRINGS = NO;
				SWIFT_VERSION = 5.0;
				TARGETED_DEVICE_FAMILY = "1,2";
				TEST_TARGET_NAME = WorkinOut;
			};
			name = Debug;
		};
		48C1B07A2A107C1A00904969 /* Release */ = {
			isa = XCBuildConfiguration;
			buildSettings = {
				ALWAYS_EMBED_SWIFT_STANDARD_LIBRARIES = YES;
				CODE_SIGN_STYLE = Automatic;
				CURRENT_PROJECT_VERSION = 1;
				GENERATE_INFOPLIST_FILE = YES;
				MARKETING_VERSION = 1.0;
				PRODUCT_BUNDLE_IDENTIFIER = com.tonisso.WorkinOutUITests;
				PRODUCT_NAME = "$(TARGET_NAME)";
				SWIFT_EMIT_LOC_STRINGS = NO;
				SWIFT_VERSION = 5.0;
				TARGETED_DEVICE_FAMILY = "1,2";
				TEST_TARGET_NAME = WorkinOut;
			};
			name = Release;
		};
/* End XCBuildConfiguration section */

/* Begin XCConfigurationList section */
		48C1B0402A107C1600904969 /* Build configuration list for PBXProject "WorkinOut" */ = {
			isa = XCConfigurationList;
			buildConfigurations = (
				48C1B0702A107C1A00904969 /* Debug */,
				48C1B0712A107C1A00904969 /* Release */,
			);
			defaultConfigurationIsVisible = 0;
			defaultConfigurationName = Release;
		};
		48C1B0722A107C1A00904969 /* Build configuration list for PBXNativeTarget "WorkinOut" */ = {
			isa = XCConfigurationList;
			buildConfigurations = (
				48C1B0732A107C1A00904969 /* Debug */,
				48C1B0742A107C1A00904969 /* Release */,
			);
			defaultConfigurationIsVisible = 0;
			defaultConfigurationName = Release;
		};
		48C1B0752A107C1A00904969 /* Build configuration list for PBXNativeTarget "WorkinOutTests" */ = {
			isa = XCConfigurationList;
			buildConfigurations = (
				48C1B0762A107C1A00904969 /* Debug */,
				48C1B0772A107C1A00904969 /* Release */,
			);
			defaultConfigurationIsVisible = 0;
			defaultConfigurationName = Release;
		};
		48C1B0782A107C1A00904969 /* Build configuration list for PBXNativeTarget "WorkinOutUITests" */ = {
			isa = XCConfigurationList;
			buildConfigurations = (
				48C1B0792A107C1A00904969 /* Debug */,
				48C1B07A2A107C1A00904969 /* Release */,
			);
			defaultConfigurationIsVisible = 0;
			defaultConfigurationName = Release;
		};
/* End XCConfigurationList section */

/* Begin XCRemoteSwiftPackageReference section */
		480728302A12601200C31B04 /* XCRemoteSwiftPackageReference "firebase-ios-sdk" */ = {
			isa = XCRemoteSwiftPackageReference;
			repositoryURL = "https://github.com/firebase/firebase-ios-sdk";
			requirement = {
				kind = upToNextMajorVersion;
				minimumVersion = 9.0.0;
			};
		};
		480728452A12903B00C31B04 /* XCRemoteSwiftPackageReference "GoogleSignIn-iOS" */ = {
			isa = XCRemoteSwiftPackageReference;
			repositoryURL = "https://github.com/google/GoogleSignIn-iOS";
			requirement = {
				kind = upToNextMajorVersion;
				minimumVersion = 7.0.0;
			};
		};
/* End XCRemoteSwiftPackageReference section */

/* Begin XCSwiftPackageProductDependency section */
		480728312A12601200C31B04 /* FirebaseAnalytics */ = {
			isa = XCSwiftPackageProductDependency;
			package = 480728302A12601200C31B04 /* XCRemoteSwiftPackageReference "firebase-ios-sdk" */;
			productName = FirebaseAnalytics;
		};
		480728332A12601200C31B04 /* FirebaseCrashlytics */ = {
			isa = XCSwiftPackageProductDependency;
			package = 480728302A12601200C31B04 /* XCRemoteSwiftPackageReference "firebase-ios-sdk" */;
			productName = FirebaseCrashlytics;
		};
		480728352A12601200C31B04 /* FirebaseFirestore */ = {
			isa = XCSwiftPackageProductDependency;
			package = 480728302A12601200C31B04 /* XCRemoteSwiftPackageReference "firebase-ios-sdk" */;
			productName = FirebaseFirestore;
		};
		480728372A12601200C31B04 /* FirebaseStorage */ = {
			isa = XCSwiftPackageProductDependency;
			package = 480728302A12601200C31B04 /* XCRemoteSwiftPackageReference "firebase-ios-sdk" */;
			productName = FirebaseStorage;
		};
		480728462A12903C00C31B04 /* GoogleSignIn */ = {
			isa = XCSwiftPackageProductDependency;
			package = 480728452A12903B00C31B04 /* XCRemoteSwiftPackageReference "GoogleSignIn-iOS" */;
			productName = GoogleSignIn;
		};
		480728482A12903C00C31B04 /* GoogleSignInSwift */ = {
			isa = XCSwiftPackageProductDependency;
			package = 480728452A12903B00C31B04 /* XCRemoteSwiftPackageReference "GoogleSignIn-iOS" */;
			productName = GoogleSignInSwift;
		};
		4807285E2A12DA7200C31B04 /* FirebaseAuth */ = {
			isa = XCSwiftPackageProductDependency;
			package = 480728302A12601200C31B04 /* XCRemoteSwiftPackageReference "firebase-ios-sdk" */;
			productName = FirebaseAuth;
		};
/* End XCSwiftPackageProductDependency section */

/* Begin XCVersionGroup section */
		48C1B0512A107C1600904969 /* WorkinOut.xcdatamodeld */ = {
			isa = XCVersionGroup;
			children = (
				48C1B0522A107C1600904969 /* WorkinOut.xcdatamodel */,
			);
			currentVersion = 48C1B0522A107C1600904969 /* WorkinOut.xcdatamodel */;
			path = WorkinOut.xcdatamodeld;
			sourceTree = "<group>";
			versionGroupType = wrapper.xcdatamodel;
		};
/* End XCVersionGroup section */
	};
	rootObject = 48C1B03D2A107C1600904969 /* Project object */;
}
